
Microsoft Visual Studio Solution File, Format Version 12.00
# Visual Studio Version 17
VisualStudioVersion = 17.3.32922.545
MinimumVisualStudioVersion = 10.0.40219.1
Project("{FAE04EC0-301F-11D3-BF4B-00C04F79EFBC}") = "BikingServer", "BikingServer\BikingServer.csproj", "{A76D7B99-0947-4075-A930-4258B2191838}"
EndProject
Project("{FAE04EC0-301F-11D3-BF4B-00C04F79EFBC}") = "BikingServerCache", "BikingServerCache\BikingServerCache.csproj", "{5645402D-38BD-40B8-8827-ACCAAAE283F3}"
EndProject
Project("{FAE04EC0-301F-11D3-BF4B-00C04F79EFBC}") = "RestLib", "RestLib\RestLib.csproj", "{B2DED2BC-E750-4C6B-9F97-22C1E4FFAA82}"
EndProject
Global
	GlobalSection(SolutionConfigurationPlatforms) = preSolution
		Debug|Any CPU = Debug|Any CPU
		Release|Any CPU = Release|Any CPU
	EndGlobalSection
	GlobalSection(ProjectConfigurationPlatforms) = postSolution
		{A76D7B99-0947-4075-A930-4258B2191838}.Debug|Any CPU.ActiveCfg = Debug|Any CPU
		{A76D7B99-0947-4075-A930-4258B2191838}.Debug|Any CPU.Build.0 = Debug|Any CPU
		{A76D7B99-0947-4075-A930-4258B2191838}.Release|Any CPU.ActiveCfg = Release|Any CPU
		{A76D7B99-0947-4075-A930-4258B2191838}.Release|Any CPU.Build.0 = Release|Any CPU
		{5645402D-38BD-40B8-8827-ACCAAAE283F3}.Debug|Any CPU.ActiveCfg = Debug|Any CPU
		{5645402D-38BD-40B8-8827-ACCAAAE283F3}.Debug|Any CPU.Build.0 = Debug|Any CPU
		{5645402D-38BD-40B8-8827-ACCAAAE283F3}.Release|Any CPU.ActiveCfg = Release|Any CPU
		{5645402D-38BD-40B8-8827-ACCAAAE283F3}.Release|Any CPU.Build.0 = Release|Any CPU
		{B2DED2BC-E750-4C6B-9F97-22C1E4FFAA82}.Debug|Any CPU.ActiveCfg = Debug|Any CPU
		{B2DED2BC-E750-4C6B-9F97-22C1E4FFAA82}.Debug|Any CPU.Build.0 = Debug|Any CPU
		{B2DED2BC-E750-4C6B-9F97-22C1E4FFAA82}.Release|Any CPU.ActiveCfg = Release|Any CPU
		{B2DED2BC-E750-4C6B-9F97-22C1E4FFAA82}.Release|Any CPU.Build.0 = Release|Any CPU
	EndGlobalSection
	GlobalSection(SolutionProperties) = preSolution
		HideSolutionNode = FALSE
	EndGlobalSection
	GlobalSection(ExtensibilityGlobals) = postSolution
		SolutionGuid = {5E065C36-61FB-4C16-BD8A-D4D285709024}
	EndGlobalSection
EndGlobal
