
Microsoft Visual Studio Solution File, Format Version 12.00
# Visual Studio Version 17
VisualStudioVersion = 17.1.32421.90
MinimumVisualStudioVersion = 10.0.40219.1
Project("{FAE04EC0-301F-11D3-BF4B-00C04F79EFBC}") = "ActivemqProducer", "ActivemqProducer\ActivemqProducer.csproj", "{8B42E515-BA7A-4C7B-BC90-9FEAE450FE71}"
EndProject
Global
	GlobalSection(SolutionConfigurationPlatforms) = preSolution
		Debug|Any CPU = Debug|Any CPU
		Release|Any CPU = Release|Any CPU
	EndGlobalSection
	GlobalSection(ProjectConfigurationPlatforms) = postSolution
		{8B42E515-BA7A-4C7B-BC90-9FEAE450FE71}.Debug|Any CPU.ActiveCfg = Debug|Any CPU
		{8B42E515-BA7A-4C7B-BC90-9FEAE450FE71}.Debug|Any CPU.Build.0 = Debug|Any CPU
		{8B42E515-BA7A-4C7B-BC90-9FEAE450FE71}.Release|Any CPU.ActiveCfg = Release|Any CPU
		{8B42E515-BA7A-4C7B-BC90-9FEAE450FE71}.Release|Any CPU.Build.0 = Release|Any CPU
	EndGlobalSection
	GlobalSection(SolutionProperties) = preSolution
		HideSolutionNode = FALSE
	EndGlobalSection
	GlobalSection(ExtensibilityGlobals) = postSolution
		SolutionGuid = {4802ECDF-6639-460A-9BAA-2047A4481A7D}
	EndGlobalSection
EndGlobal
